{
    "_readme": [
        "This file locks the dependencies of your project to a known state",
        "Read more about it at https://getcomposer.org/doc/01-basic-usage.md#installing-dependencies",
        "This file is @generated automatically"
    ],
    "content-hash": "278ae297e5ed8a75a2ab1489b7b0888e",
    "packages": [
        {
            "name": "php-standard-library/data-structure",
            "version": "6.3.0",
            "source": {
                "type": "git",
                "url": "https://github.com/php-standard-library/data-structure.git",
                "reference": "ee1b0e424b2b95da7256c0a69fe334c5072eba54"
            },
            "dist": {
                "type": "zip",
                "url": "https://api.github.com/repos/php-standard-library/data-structure/zipball/ee1b0e424b2b95da7256c0a69fe334c5072eba54",
                "reference": "ee1b0e424b2b95da7256c0a69fe334c5072eba54",
                "shasum": ""
            },
            "require": {
                "php": "~8.4.0 || ~8.5.0",
                "php-standard-library/default": "^6.0",
                "php-standard-library/foundation": "^6.0"
            },
            "conflict": {
                "azjezz/psl": "*"
            },
            "require-dev": {
                "phpunit/phpunit": "^13.0"
            },
            "type": "library",
            "extra": {
                "branch-alias": {
                    "dev-next": "6.3.x-dev"
                }
            },
            "autoload": {
                "psr-4": {
                    "Psl\\DataStructure\\": "src/Psl/DataStructure/"
                }
            },
            "notification-url": "https://packagist.org/downloads/",
            "license": [
                "MIT"
            ],
            "authors": [
                {
                    "name": "Seifeddine Gmati",
                    "email": "azjezz@carthage.software"
                },
                {
                    "name": "Contributors",
                    "homepage": "https://github.com/php-standard-library/php-standard-library/graphs/contributors"
                }
            ],
            "description": "Classic data structures: Queue (FIFO), Stack (LIFO), and PriorityQueue",
            "homepage": "https://php-standard-library.dev",
            "keywords": [
                "data-structure",
                "priority-queue",
                "queue",
                "stack"
            ],
            "support": {
                "source": "https://github.com/php-standard-library/data-structure/tree/6.3.0"
            },
            "time": "2026-09-25T15:54:11+00:00"
        },
        {
            "name": "php-standard-library/default",
            "version": "6.3.0",
            "source": {
                "type": "git",
                "url": "https://github.com/php-standard-library/default.git",
                "reference": "6f7daf0864b4f319dee645cb0ffd7c4be0c9907c"
            },
            "dist": {
                "type": "zip",
                "url": "https://api.github.com/repos/php-standard-library/default/zipball/6f7daf0864b4f319dee645cb0ffd7c4be0c9907c",
                "reference": "6f7daf0864b4f319dee645cb0ffd7c4be0c9907c",
                "shasum": ""
            },
            "require": {
                "php": "~8.4.0 || ~8.5.0"
            },
            "conflict": {
                "azjezz/psl": "*"
            },
            "require-dev": {
                "phpunit/phpunit": "^13.0"
            },
            "type": "library",
            "extra": {
                "branch-alias": {
                    "dev-next": "6.3.x-dev"
                }
            },
            "autoload": {
                "psr-4": {
                    "Psl\\Default\\": "src/Psl/Default/"
                }
            },
            "notification-url": "https://packagist.org/downloads/",
            "license": [
                "MIT"
            ],
            "authors": [
                {
                    "name": "Seifeddine Gmati",
                    "email": "azjezz@carthage.software"
                },
                {
                    "name": "Contributors",
                    "homepage": "https://github.com/php-standard-library/php-standard-library/graphs/contributors"
                }
            ],
            "description": "DefaultInterface for classes to provide standardized default instances",
            "homepage": "https://php-standard-library.dev",
            "keywords": [
                "default",
                "interface"
            ],
            "support": {
                "source": "https://github.com/php-standard-library/default/tree/6.3.0"
            },
            "time": "2026-09-25T15:54:11+00:00"
        },
        {
            "name": "php-standard-library/foundation",
            "version": "6.3.0",
            "source": {
                "type": "git",
                "url": "https://github.com/php-standard-library/foundation.git",
                "reference": "9b464388f93b5c496bd6a17912e5cdc846b9df1e"
            },
            "dist": {
                "type": "zip",
                "url": "https://api.github.com/repos/php-standard-library/foundation/zipball/9b464388f93b5c496bd6a17912e5cdc846b9df1e",
                "reference": "9b464388f93b5c496bd6a17912e5cdc846b9df1e",
                "shasum": ""
            },
            "require": {
                "php": "~8.4.0 || ~8.5.0"
            },
            "conflict": {
                "azjezz/psl": "*"
            },
            "require-dev": {
                "phpunit/phpunit": "^13.0"
            },
            "type": "library",
            "extra": {
                "branch-alias": {
                    "dev-next": "6.3.x-dev"
                }
            },
            "autoload": {
                "files": [
                    "src/Psl/bootstrap.php"
                ],
                "psr-4": {
                    "Psl\\": "src/Psl/"
                }
            },
            "notification-url": "https://packagist.org/downloads/",
            "license": [
                "MIT"
            ],
            "authors": [
                {
                    "name": "Seifeddine Gmati",
                    "email": "azjezz@carthage.software"
                },
                {
                    "name": "Contributors",
                    "homepage": "https://github.com/php-standard-library/php-standard-library/graphs/contributors"
                }
            ],
            "description": "Exceptions, Ref, and invariant functions",
            "homepage": "https://php-standard-library.dev",
            "keywords": [
                "exceptions",
                "foundation",
                "invariant"
            ],
            "support": {
                "source": "https://github.com/php-standard-library/foundation/tree/6.3.0"
            },
            "time": "2026-09-25T15:54:11+00:00"
        }
    ],
    "packages-dev": [],
    "aliases": [],
    "minimum-stability": "stable",
    "stability-flags": {},
    "prefer-stable": false,
    "prefer-lowest": false,
    "platform": {
        "php": "^8.2"
    },
    "platform-dev": {},
    "plugin-api-version": "2.9.0"
}
